{
  "name": "splice",
  "lockfileVersion": 3,
  "requires": true,
  "packages": {
    "": {
      "dependencies": {
        "@types/es6-promise": "^0.0.33",
        "swiper": "^11.2.7"
      },
      "devDependencies": {
        "@types/swiper": "^5.4.3",
        "typescript": "^5.8.3"
      }
    },
    "node_modules/@types/es6-promise": {
      "version": "0.0.33",
      "resolved": "https://registry.npmjs.org/@types/es6-promise/-/es6-promise-0.0.33.tgz",
      "integrity": "sha512-HKJFVLCGrWQ/1unEw8JdaTxu6n3EUxmwTxJ6D0O1x0gD8joCsgoTWxEgevb7fp2XIogNjof3KEd+3bJoGne/nw==",
      "license": "MIT"
    },
    "node_modules/@types/swiper": {
      "version": "5.4.3",
      "resolved": "https://registry.npmjs.org/@types/swiper/-/swiper-5.4.3.tgz",
      "integrity": "sha512-hJXpVeANf+XQXgbvmuFZdsnaSOKqOEZcaLDnHhZOJDRow+lfboatwubW+Ay9XiHobMGyEomkgpXSYRlDVn4gMQ==",
      "dev": true,
      "license": "MIT"
    },
    "node_modules/swiper": {
      "version": "11.2.7",
      "resolved": "https://registry.npmjs.org/swiper/-/swiper-11.2.7.tgz",
      "integrity": "sha512-oPJCwdcjFMw3SoBM7AdB1RJzjT7JaE4Mg7TWceTmJ/i2OtF8L01Ct+5eOf48nG3trgR0wXFekWdfnTdl0eg6Pg==",
      "funding": [
        {
          "type": "patreon",
          "url": "https://www.patreon.com/swiperjs"
        },
        {
          "type": "open_collective",
          "url": "http://opencollective.com/swiper"
        }
      ],
      "license": "MIT",
      "engines": {
        "node": ">= 4.7.0"
      }
    },
    "node_modules/typescript": {
      "version": "5.8.3",
      "resolved": "https://registry.npmjs.org/typescript/-/typescript-5.8.3.tgz",
      "integrity": "sha512-p1diW6TqL9L07nNxvRMM7hMMw4c5XOo/1ibL4aAIGmSAt9slTE1Xgw5KWuof2uTOvCg9BY7ZRi+GaF+7sfgPeQ==",
      "dev": true,
      "license": "Apache-2.0",
      "bin": {
        "tsc": "bin/tsc",
        "tsserver": "bin/tsserver"
      },
      "engines": {
        "node": ">=14.17"
      }
    }
  }
}
